// !$*UTF8*$!
{
	archiveVersion = 1;
	classes = {
	};
	objectVersion = 55;
	objects = {

/* Begin PBXBuildFile section */
		1A7D0E1C283FD84F005A98A2 /* Environment.swift in Sources */ = {isa = PBXBuildFile; fileRef = 1A7D0E1B283FD84F005A98A2 /* Environment.swift */; };
		4FBF61D0283ABA9900DDBE71 /* OnboardingFlowCoordinator.swift in Sources */ = {isa = PBXBuildFile; fileRef = 4FBF61CF283ABA9900DDBE71 /* OnboardingFlowCoordinator.swift */; };
		4FBF61D6283ABD8B00DDBE71 /* Avatar.swift in Sources */ = {isa = PBXBuildFile; fileRef = 4FBF61D5283ABD8B00DDBE71 /* Avatar.swift */; };
		4FBF61DB283ABFDB00DDBE71 /* Bet.swift in Sources */ = {isa = PBXBuildFile; fileRef = 4FBF61DA283ABFDB00DDBE71 /* Bet.swift */; };
		4FBF61E6283C173500DDBE71 /* Coordinator.swift in Sources */ = {isa = PBXBuildFile; fileRef = 4FBF61E5283C173500DDBE71 /* Coordinator.swift */; };
		4FBF61E9283C193E00DDBE71 /* Router.swift in Sources */ = {isa = PBXBuildFile; fileRef = 4FBF61E8283C193E00DDBE71 /* Router.swift */; };
		4FBF61EB283C19C300DDBE71 /* ModalRouter.swift in Sources */ = {isa = PBXBuildFile; fileRef = 4FBF61EA283C19C300DDBE71 /* ModalRouter.swift */; };
		4FBF61ED283C1A8100DDBE71 /* NavigationRouter.swift in Sources */ = {isa = PBXBuildFile; fileRef = 4FBF61EC283C1A8100DDBE71 /* NavigationRouter.swift */; };
		4FBF61F0283C1C6000DDBE71 /* BaseCoordinator.swift in Sources */ = {isa = PBXBuildFile; fileRef = 4FBF61EF283C1C6000DDBE71 /* BaseCoordinator.swift */; };
		4FBF61F2283C1C6600DDBE71 /* AppCoordinator.swift in Sources */ = {isa = PBXBuildFile; fileRef = 4FBF61F1283C1C6600DDBE71 /* AppCoordinator.swift */; };
		4FBF61F5283C1C8E00DDBE71 /* HomeView.swift in Sources */ = {isa = PBXBuildFile; fileRef = 4FBF61F4283C1C8E00DDBE71 /* HomeView.swift */; };
		4FBF61F7283C1C9400DDBE71 /* HomeViewModel.swift in Sources */ = {isa = PBXBuildFile; fileRef = 4FBF61F6283C1C9400DDBE71 /* HomeViewModel.swift */; };
		4FBF61F9283C1C9D00DDBE71 /* HomeCoordinator.swift in Sources */ = {isa = PBXBuildFile; fileRef = 4FBF61F8283C1C9D00DDBE71 /* HomeCoordinator.swift */; };
		4FBF61FB283C1D8000DDBE71 /* UserManager.swift in Sources */ = {isa = PBXBuildFile; fileRef = 4FBF61FA283C1D8000DDBE71 /* UserManager.swift */; };
		4FBF61FD283C1E2C00DDBE71 /* BaseViewController.swift in Sources */ = {isa = PBXBuildFile; fileRef = 4FBF61FC283C1E2C00DDBE71 /* BaseViewController.swift */; };
		4FBF6200283C203600DDBE71 /* Onboarding2View.swift in Sources */ = {isa = PBXBuildFile; fileRef = 4FBF61FF283C203600DDBE71 /* Onboarding2View.swift */; };
		4FBF6202283C203E00DDBE71 /* OnboardingViewModel2.swift in Sources */ = {isa = PBXBuildFile; fileRef = 4FBF6201283C203E00DDBE71 /* OnboardingViewModel2.swift */; };
		4FBF6205283C25ED00DDBE71 /* OnboardingView3.swift in Sources */ = {isa = PBXBuildFile; fileRef = 4FBF6204283C25ED00DDBE71 /* OnboardingView3.swift */; };
		4FBF6207283C25F500DDBE71 /* OnboardingViewModel3.swift in Sources */ = {isa = PBXBuildFile; fileRef = 4FBF6206283C25F500DDBE71 /* OnboardingViewModel3.swift */; };
		4FBF6215283D4C3500DDBE71 /* ModalNavigationRouter.swift in Sources */ = {isa = PBXBuildFile; fileRef = 4FBF6214283D4C3500DDBE71 /* ModalNavigationRouter.swift */; };
		4FBF6219283D523C00DDBE71 /* Flow1Coordinator.swift in Sources */ = {isa = PBXBuildFile; fileRef = 4FBF6218283D523C00DDBE71 /* Flow1Coordinator.swift */; };
		4FBF621C283D525900DDBE71 /* Screen1View.swift in Sources */ = {isa = PBXBuildFile; fileRef = 4FBF621B283D525900DDBE71 /* Screen1View.swift */; };
		4FBF621E283D526A00DDBE71 /* Screen1ViewModel.swift in Sources */ = {isa = PBXBuildFile; fileRef = 4FBF621D283D526A00DDBE71 /* Screen1ViewModel.swift */; };
		4FBF6222283D532500DDBE71 /* Screen2View.swift in Sources */ = {isa = PBXBuildFile; fileRef = 4FBF6221283D532500DDBE71 /* Screen2View.swift */; };
		4FBF6224283D532B00DDBE71 /* Flow1Screen2ViewModel.swift in Sources */ = {isa = PBXBuildFile; fileRef = 4FBF6223283D532B00DDBE71 /* Flow1Screen2ViewModel.swift */; };
		4FBF622F283D5D8800DDBE71 /* Flow2Coordinator.swift in Sources */ = {isa = PBXBuildFile; fileRef = 4FBF622E283D5D8800DDBE71 /* Flow2Coordinator.swift */; };
		4FBF6232283D601800DDBE71 /* IndependentScreenView.swift in Sources */ = {isa = PBXBuildFile; fileRef = 4FBF6231283D601800DDBE71 /* IndependentScreenView.swift */; };
		4FBF6234283D601F00DDBE71 /* IndependentScreenViewModel.swift in Sources */ = {isa = PBXBuildFile; fileRef = 4FBF6233283D601F00DDBE71 /* IndependentScreenViewModel.swift */; };
		4FBF6236283D602600DDBE71 /* IndependentScreenCoordinator.swift in Sources */ = {isa = PBXBuildFile; fileRef = 4FBF6235283D602600DDBE71 /* IndependentScreenCoordinator.swift */; };
		4FDCAEED28318E17000DF9B5 /* AppDelegate.swift in Sources */ = {isa = PBXBuildFile; fileRef = 4FDCAEEC28318E17000DF9B5 /* AppDelegate.swift */; };
		4FDCAEEF28318E17000DF9B5 /* SceneDelegate.swift in Sources */ = {isa = PBXBuildFile; fileRef = 4FDCAEEE28318E17000DF9B5 /* SceneDelegate.swift */; };
		4FDCAEF628318E18000DF9B5 /* Assets.xcassets in Resources */ = {isa = PBXBuildFile; fileRef = 4FDCAEF528318E18000DF9B5 /* Assets.xcassets */; };
		4FDCAEF928318E18000DF9B5 /* LaunchScreen.storyboard in Resources */ = {isa = PBXBuildFile; fileRef = 4FDCAEF728318E18000DF9B5 /* LaunchScreen.storyboard */; };
		4FDCAF05283192B5000DF9B5 /* BetService.swift in Sources */ = {isa = PBXBuildFile; fileRef = 4FDCAF04283192B5000DF9B5 /* BetService.swift */; };
		4FE4DC2C283928EC00419730 /* OnboardingView.swift in Sources */ = {isa = PBXBuildFile; fileRef = 4FE4DC2B283928EC00419730 /* OnboardingView.swift */; };
		4FE4DC2E28393DB800419730 /* OnboardingViewModel.swift in Sources */ = {isa = PBXBuildFile; fileRef = 4FE4DC2D28393DB800419730 /* OnboardingViewModel.swift */; };
		4FE4DC3328393E1D00419730 /* User.swift in Sources */ = {isa = PBXBuildFile; fileRef = 4FE4DC3228393E1D00419730 /* User.swift */; };
		4FF4FCAE28566F43008569CB /* Spacing.swift in Sources */ = {isa = PBXBuildFile; fileRef = 4FF4FCAD28566F43008569CB /* Spacing.swift */; };
		4FF4FCB028567063008569CB /* TextStyle.swift in Sources */ = {isa = PBXBuildFile; fileRef = 4FF4FCAF28567063008569CB /* TextStyle.swift */; };
		A0D8B5072861A1AB006EEB44 /* FirebaseFirestore in Frameworks */ = {isa = PBXBuildFile; productRef = A0D8B5062861A1AB006EEB44 /* FirebaseFirestore */; };
		A0D8B5092861A1AB006EEB44 /* FirebaseFirestoreCombine-Community in Frameworks */ = {isa = PBXBuildFile; productRef = A0D8B5082861A1AB006EEB44 /* FirebaseFirestoreCombine-Community */; };
		A0D8B50B2861A1AB006EEB44 /* FirebaseFirestoreSwift in Frameworks */ = {isa = PBXBuildFile; productRef = A0D8B50A2861A1AB006EEB44 /* FirebaseFirestoreSwift */; };
		A0EEF35F285B670D0054DBF4 /* BetziTests.swift in Sources */ = {isa = PBXBuildFile; fileRef = A0EEF35E285B670D0054DBF4 /* BetziTests.swift */; };
/* End PBXBuildFile section */

/* Begin PBXContainerItemProxy section */
		A0EEF357285B66C60054DBF4 /* PBXContainerItemProxy */ = {
			isa = PBXContainerItemProxy;
			containerPortal = 4FDCAEE128318E17000DF9B5 /* Project object */;
			proxyType = 1;
			remoteGlobalIDString = 4FDCAEE828318E17000DF9B5;
			remoteInfo = Betzi;
		};
/* End PBXContainerItemProxy section */

/* Begin PBXFileReference section */
		1A7D0E07283EF1A6005A98A2 /* GoogleService-Info.plist */ = {isa = PBXFileReference; lastKnownFileType = text.plist.xml; path = "GoogleService-Info.plist"; sourceTree = "<group>"; };
		1A7D0E19283EF4D7005A98A2 /* GoogleService-Info.plist */ = {isa = PBXFileReference; lastKnownFileType = text.plist.xml; path = "GoogleService-Info.plist"; sourceTree = "<group>"; };
		1A7D0E1B283FD84F005A98A2 /* Environment.swift */ = {isa = PBXFileReference; lastKnownFileType = sourcecode.swift; path = Environment.swift; sourceTree = "<group>"; };
		4FBF61CF283ABA9900DDBE71 /* OnboardingFlowCoordinator.swift */ = {isa = PBXFileReference; lastKnownFileType = sourcecode.swift; path = OnboardingFlowCoordinator.swift; sourceTree = "<group>"; };
		4FBF61D5283ABD8B00DDBE71 /* Avatar.swift */ = {isa = PBXFileReference; lastKnownFileType = sourcecode.swift; path = Avatar.swift; sourceTree = "<group>"; };
		4FBF61DA283ABFDB00DDBE71 /* Bet.swift */ = {isa = PBXFileReference; lastKnownFileType = sourcecode.swift; path = Bet.swift; sourceTree = "<group>"; };
		4FBF61E5283C173500DDBE71 /* Coordinator.swift */ = {isa = PBXFileReference; lastKnownFileType = sourcecode.swift; path = Coordinator.swift; sourceTree = "<group>"; };
		4FBF61E8283C193E00DDBE71 /* Router.swift */ = {isa = PBXFileReference; lastKnownFileType = sourcecode.swift; path = Router.swift; sourceTree = "<group>"; };
		4FBF61EA283C19C300DDBE71 /* ModalRouter.swift */ = {isa = PBXFileReference; lastKnownFileType = sourcecode.swift; path = ModalRouter.swift; sourceTree = "<group>"; };
		4FBF61EC283C1A8100DDBE71 /* NavigationRouter.swift */ = {isa = PBXFileReference; lastKnownFileType = sourcecode.swift; path = NavigationRouter.swift; sourceTree = "<group>"; };
		4FBF61EF283C1C6000DDBE71 /* BaseCoordinator.swift */ = {isa = PBXFileReference; lastKnownFileType = sourcecode.swift; path = BaseCoordinator.swift; sourceTree = "<group>"; };
		4FBF61F1283C1C6600DDBE71 /* AppCoordinator.swift */ = {isa = PBXFileReference; lastKnownFileType = sourcecode.swift; path = AppCoordinator.swift; sourceTree = "<group>"; };
		4FBF61F4283C1C8E00DDBE71 /* HomeView.swift */ = {isa = PBXFileReference; lastKnownFileType = sourcecode.swift; path = HomeView.swift; sourceTree = "<group>"; };
		4FBF61F6283C1C9400DDBE71 /* HomeViewModel.swift */ = {isa = PBXFileReference; lastKnownFileType = sourcecode.swift; path = HomeViewModel.swift; sourceTree = "<group>"; };
		4FBF61F8283C1C9D00DDBE71 /* HomeCoordinator.swift */ = {isa = PBXFileReference; lastKnownFileType = sourcecode.swift; path = HomeCoordinator.swift; sourceTree = "<group>"; };
		4FBF61FA283C1D8000DDBE71 /* UserManager.swift */ = {isa = PBXFileReference; lastKnownFileType = sourcecode.swift; path = UserManager.swift; sourceTree = "<group>"; };
		4FBF61FC283C1E2C00DDBE71 /* BaseViewController.swift */ = {isa = PBXFileReference; lastKnownFileType = sourcecode.swift; path = BaseViewController.swift; sourceTree = "<group>"; };
		4FBF61FF283C203600DDBE71 /* Onboarding2View.swift */ = {isa = PBXFileReference; lastKnownFileType = sourcecode.swift; path = Onboarding2View.swift; sourceTree = "<group>"; };
		4FBF6201283C203E00DDBE71 /* OnboardingViewModel2.swift */ = {isa = PBXFileReference; lastKnownFileType = sourcecode.swift; path = OnboardingViewModel2.swift; sourceTree = "<group>"; };
		4FBF6204283C25ED00DDBE71 /* OnboardingView3.swift */ = {isa = PBXFileReference; lastKnownFileType = sourcecode.swift; path = OnboardingView3.swift; sourceTree = "<group>"; };
		4FBF6206283C25F500DDBE71 /* OnboardingViewModel3.swift */ = {isa = PBXFileReference; lastKnownFileType = sourcecode.swift; path = OnboardingViewModel3.swift; sourceTree = "<group>"; };
		4FBF6214283D4C3500DDBE71 /* ModalNavigationRouter.swift */ = {isa = PBXFileReference; lastKnownFileType = sourcecode.swift; path = ModalNavigationRouter.swift; sourceTree = "<group>"; };
		4FBF6218283D523C00DDBE71 /* Flow1Coordinator.swift */ = {isa = PBXFileReference; lastKnownFileType = sourcecode.swift; path = Flow1Coordinator.swift; sourceTree = "<group>"; };
		4FBF621B283D525900DDBE71 /* Screen1View.swift */ = {isa = PBXFileReference; lastKnownFileType = sourcecode.swift; path = Screen1View.swift; sourceTree = "<group>"; };
		4FBF621D283D526A00DDBE71 /* Screen1ViewModel.swift */ = {isa = PBXFileReference; lastKnownFileType = sourcecode.swift; path = Screen1ViewModel.swift; sourceTree = "<group>"; };
		4FBF6221283D532500DDBE71 /* Screen2View.swift */ = {isa = PBXFileReference; lastKnownFileType = sourcecode.swift; path = Screen2View.swift; sourceTree = "<group>"; };
		4FBF6223283D532B00DDBE71 /* Flow1Screen2ViewModel.swift */ = {isa = PBXFileReference; lastKnownFileType = sourcecode.swift; path = Flow1Screen2ViewModel.swift; sourceTree = "<group>"; };
		4FBF622E283D5D8800DDBE71 /* Flow2Coordinator.swift */ = {isa = PBXFileReference; lastKnownFileType = sourcecode.swift; path = Flow2Coordinator.swift; sourceTree = "<group>"; };
		4FBF6231283D601800DDBE71 /* IndependentScreenView.swift */ = {isa = PBXFileReference; lastKnownFileType = sourcecode.swift; path = IndependentScreenView.swift; sourceTree = "<group>"; };
		4FBF6233283D601F00DDBE71 /* IndependentScreenViewModel.swift */ = {isa = PBXFileReference; lastKnownFileType = sourcecode.swift; path = IndependentScreenViewModel.swift; sourceTree = "<group>"; };
		4FBF6235283D602600DDBE71 /* IndependentScreenCoordinator.swift */ = {isa = PBXFileReference; lastKnownFileType = sourcecode.swift; path = IndependentScreenCoordinator.swift; sourceTree = "<group>"; };
		4FDCAEE928318E17000DF9B5 /* Betzi.app */ = {isa = PBXFileReference; explicitFileType = wrapper.application; includeInIndex = 0; path = Betzi.app; sourceTree = BUILT_PRODUCTS_DIR; };
		4FDCAEEC28318E17000DF9B5 /* AppDelegate.swift */ = {isa = PBXFileReference; lastKnownFileType = sourcecode.swift; path = AppDelegate.swift; sourceTree = "<group>"; };
		4FDCAEEE28318E17000DF9B5 /* SceneDelegate.swift */ = {isa = PBXFileReference; lastKnownFileType = sourcecode.swift; path = SceneDelegate.swift; sourceTree = "<group>"; };
		4FDCAEF528318E18000DF9B5 /* Assets.xcassets */ = {isa = PBXFileReference; lastKnownFileType = folder.assetcatalog; path = Assets.xcassets; sourceTree = "<group>"; };
		4FDCAEF828318E18000DF9B5 /* Base */ = {isa = PBXFileReference; lastKnownFileType = file.storyboard; name = Base; path = Base.lproj/LaunchScreen.storyboard; sourceTree = "<group>"; };
		4FDCAEFA28318E18000DF9B5 /* Info.plist */ = {isa = PBXFileReference; lastKnownFileType = text.plist.xml; path = Info.plist; sourceTree = "<group>"; };
		4FDCAF04283192B5000DF9B5 /* BetService.swift */ = {isa = PBXFileReference; lastKnownFileType = sourcecode.swift; path = BetService.swift; sourceTree = "<group>"; };
		4FE4DC2B283928EC00419730 /* OnboardingView.swift */ = {isa = PBXFileReference; lastKnownFileType = sourcecode.swift; path = OnboardingView.swift; sourceTree = "<group>"; };
		4FE4DC2D28393DB800419730 /* OnboardingViewModel.swift */ = {isa = PBXFileReference; lastKnownFileType = sourcecode.swift; path = OnboardingViewModel.swift; sourceTree = "<group>"; };
		4FE4DC3228393E1D00419730 /* User.swift */ = {isa = PBXFileReference; lastKnownFileType = sourcecode.swift; path = User.swift; sourceTree = "<group>"; };
		4FF4FCAD28566F43008569CB /* Spacing.swift */ = {isa = PBXFileReference; lastKnownFileType = sourcecode.swift; path = Spacing.swift; sourceTree = "<group>"; };
		4FF4FCAF28567063008569CB /* TextStyle.swift */ = {isa = PBXFileReference; lastKnownFileType = sourcecode.swift; path = TextStyle.swift; sourceTree = "<group>"; };
		A0654B1A2861887100FA3FA3 /* Config-Debug-Production.xcconfig */ = {isa = PBXFileReference; lastKnownFileType = text.xcconfig; path = "Config-Debug-Production.xcconfig"; sourceTree = "<group>"; };
		A0654B1B2861887E00FA3FA3 /* Config-Release-Development.xcconfig */ = {isa = PBXFileReference; lastKnownFileType = text.xcconfig; path = "Config-Release-Development.xcconfig"; sourceTree = "<group>"; };
		A0654B1E28618B0500FA3FA3 /* Config-Debug-Development.xcconfig */ = {isa = PBXFileReference; lastKnownFileType = text.xcconfig; path = "Config-Debug-Development.xcconfig"; sourceTree = "<group>"; };
		A0654B1F28618B4300FA3FA3 /* Config-Release-Production.xcconfig */ = {isa = PBXFileReference; lastKnownFileType = text.xcconfig; path = "Config-Release-Production.xcconfig"; sourceTree = "<group>"; };
		A0EEF34E285B1F760054DBF4 /* ci_post_clone.sh */ = {isa = PBXFileReference; lastKnownFileType = text.script.sh; path = ci_post_clone.sh; sourceTree = "<group>"; };
		A0EEF353285B66C60054DBF4 /* BetziTests.xctest */ = {isa = PBXFileReference; explicitFileType = wrapper.cfbundle; includeInIndex = 0; path = BetziTests.xctest; sourceTree = BUILT_PRODUCTS_DIR; };
		A0EEF35E285B670D0054DBF4 /* BetziTests.swift */ = {isa = PBXFileReference; fileEncoding = 4; lastKnownFileType = sourcecode.swift; path = BetziTests.swift; sourceTree = "<group>"; };
/* End PBXFileReference section */

/* Begin PBXFrameworksBuildPhase section */
		4FDCAEE628318E17000DF9B5 /* Frameworks */ = {
			isa = PBXFrameworksBuildPhase;
			buildActionMask = 2147483647;
			files = (
				A0D8B5072861A1AB006EEB44 /* FirebaseFirestore in Frameworks */,
				A0D8B5092861A1AB006EEB44 /* FirebaseFirestoreCombine-Community in Frameworks */,
				A0D8B50B2861A1AB006EEB44 /* FirebaseFirestoreSwift in Frameworks */,
			);
			runOnlyForDeploymentPostprocessing = 0;
		};
		A0EEF350285B66C60054DBF4 /* Frameworks */ = {
			isa = PBXFrameworksBuildPhase;
			buildActionMask = 2147483647;
			files = (
			);
			runOnlyForDeploymentPostprocessing = 0;
		};
/* End PBXFrameworksBuildPhase section */

/* Begin PBXGroup section */
		1A7D0E01283E9A94005A98A2 /* Configs */ = {
			isa = PBXGroup;
			children = (
				A0D6AE91285AF9280046B423 /* Environment */,
			);
			path = Configs;
			sourceTree = "<group>";
		};
		1A7D0E04283EF180005A98A2 /* Firebase */ = {
			isa = PBXGroup;
			children = (
				1A7D0E06283EF194005A98A2 /* Prod */,
				1A7D0E05283EF18E005A98A2 /* Dev */,
			);
			path = Firebase;
			sourceTree = "<group>";
		};
		1A7D0E05283EF18E005A98A2 /* Dev */ = {
			isa = PBXGroup;
			children = (
				1A7D0E07283EF1A6005A98A2 /* GoogleService-Info.plist */,
			);
			path = Dev;
			sourceTree = "<group>";
		};
		1A7D0E06283EF194005A98A2 /* Prod */ = {
			isa = PBXGroup;
			children = (
				1A7D0E19283EF4D7005A98A2 /* GoogleService-Info.plist */,
			);
			path = Prod;
			sourceTree = "<group>";
		};
		4FBF61CE283ABA8700DDBE71 /* FlowCoordinators */ = {
			isa = PBXGroup;
			children = (
				4FBF6216283D522200DDBE71 /* Coordinator Examples */,
				4FBF61CF283ABA9900DDBE71 /* OnboardingFlowCoordinator.swift */,
			);
			path = FlowCoordinators;
			sourceTree = "<group>";
		};
		4FBF61D4283ABD7000DDBE71 /* User */ = {
			isa = PBXGroup;
			children = (
				4FBF61D5283ABD8B00DDBE71 /* Avatar.swift */,
				4FE4DC3228393E1D00419730 /* User.swift */,
			);
			path = User;
			sourceTree = "<group>";
		};
		4FBF61D7283ABD9A00DDBE71 /* Bets */ = {
			isa = PBXGroup;
			children = (
				4FBF61DA283ABFDB00DDBE71 /* Bet.swift */,
			);
			path = Bets;
			sourceTree = "<group>";
		};
		4FBF61E7283C192B00DDBE71 /* Router */ = {
			isa = PBXGroup;
			children = (
				4FBF61E8283C193E00DDBE71 /* Router.swift */,
				4FBF61EA283C19C300DDBE71 /* ModalRouter.swift */,
				4FBF61EC283C1A8100DDBE71 /* NavigationRouter.swift */,
				4FBF6214283D4C3500DDBE71 /* ModalNavigationRouter.swift */,
			);
			path = Router;
			sourceTree = "<group>";
		};
		4FBF61EE283C1C5300DDBE71 /* Coordinator */ = {
			isa = PBXGroup;
			children = (
				4FBF61E5283C173500DDBE71 /* Coordinator.swift */,
				4FBF61EF283C1C6000DDBE71 /* BaseCoordinator.swift */,
				4FBF61F1283C1C6600DDBE71 /* AppCoordinator.swift */,
			);
			path = Coordinator;
			sourceTree = "<group>";
		};
		4FBF61F3283C1C8600DDBE71 /* Home */ = {
			isa = PBXGroup;
			children = (
				4FBF61F4283C1C8E00DDBE71 /* HomeView.swift */,
				4FBF61F6283C1C9400DDBE71 /* HomeViewModel.swift */,
				4FBF61F8283C1C9D00DDBE71 /* HomeCoordinator.swift */,
			);
			path = Home;
			sourceTree = "<group>";
		};
		4FBF61FE283C202700DDBE71 /* Onboarding2 */ = {
			isa = PBXGroup;
			children = (
				4FBF61FF283C203600DDBE71 /* Onboarding2View.swift */,
				4FBF6201283C203E00DDBE71 /* OnboardingViewModel2.swift */,
			);
			path = Onboarding2;
			sourceTree = "<group>";
		};
		4FBF6203283C25E000DDBE71 /* Onboarding3 */ = {
			isa = PBXGroup;
			children = (
				4FBF6204283C25ED00DDBE71 /* OnboardingView3.swift */,
				4FBF6206283C25F500DDBE71 /* OnboardingViewModel3.swift */,
			);
			path = Onboarding3;
			sourceTree = "<group>";
		};
		4FBF6216283D522200DDBE71 /* Coordinator Examples */ = {
			isa = PBXGroup;
			children = (
				4FBF622D283D5D7A00DDBE71 /* Flow2 */,
				4FBF6217283D522F00DDBE71 /* Flow1 */,
			);
			path = "Coordinator Examples";
			sourceTree = "<group>";
		};
		4FBF6217283D522F00DDBE71 /* Flow1 */ = {
			isa = PBXGroup;
			children = (
				4FBF6218283D523C00DDBE71 /* Flow1Coordinator.swift */,
			);
			path = Flow1;
			sourceTree = "<group>";
		};
		4FBF621A283D524E00DDBE71 /* Screen1 */ = {
			isa = PBXGroup;
			children = (
				4FBF621B283D525900DDBE71 /* Screen1View.swift */,
				4FBF621D283D526A00DDBE71 /* Screen1ViewModel.swift */,
			);
			path = Screen1;
			sourceTree = "<group>";
		};
		4FBF621F283D530E00DDBE71 /* Coordinator Examples */ = {
			isa = PBXGroup;
			children = (
				4FBF6230283D600A00DDBE71 /* Independent Screen */,
				4FBF621A283D524E00DDBE71 /* Screen1 */,
				4FBF6220283D531900DDBE71 /* Screen2 */,
			);
			path = "Coordinator Examples";
			sourceTree = "<group>";
		};
		4FBF6220283D531900DDBE71 /* Screen2 */ = {
			isa = PBXGroup;
			children = (
				4FBF6221283D532500DDBE71 /* Screen2View.swift */,
				4FBF6223283D532B00DDBE71 /* Flow1Screen2ViewModel.swift */,
			);
			path = Screen2;
			sourceTree = "<group>";
		};
		4FBF622D283D5D7A00DDBE71 /* Flow2 */ = {
			isa = PBXGroup;
			children = (
				4FBF622E283D5D8800DDBE71 /* Flow2Coordinator.swift */,
			);
			path = Flow2;
			sourceTree = "<group>";
		};
		4FBF6230283D600A00DDBE71 /* Independent Screen */ = {
			isa = PBXGroup;
			children = (
				4FBF6231283D601800DDBE71 /* IndependentScreenView.swift */,
				4FBF6233283D601F00DDBE71 /* IndependentScreenViewModel.swift */,
				4FBF6235283D602600DDBE71 /* IndependentScreenCoordinator.swift */,
			);
			path = "Independent Screen";
			sourceTree = "<group>";
		};
		4FDCAEE028318E17000DF9B5 = {
			isa = PBXGroup;
			children = (
				A0EEF34D285B1F4D0054DBF4 /* ci_scripts */,
				4FDCAEEB28318E17000DF9B5 /* Betzi */,
				A0EEF354285B66C60054DBF4 /* BetziTests */,
				4FDCAEEA28318E17000DF9B5 /* Products */,
			);
			sourceTree = "<group>";
		};
		4FDCAEEA28318E17000DF9B5 /* Products */ = {
			isa = PBXGroup;
			children = (
				4FDCAEE928318E17000DF9B5 /* Betzi.app */,
				A0EEF353285B66C60054DBF4 /* BetziTests.xctest */,
			);
			name = Products;
			sourceTree = "<group>";
		};
		4FDCAEEB28318E17000DF9B5 /* Betzi */ = {
			isa = PBXGroup;
			children = (
				1A7D0E01283E9A94005A98A2 /* Configs */,
				4FDCAEFA28318E18000DF9B5 /* Info.plist */,
				4FDCAF0E28319478000DF9B5 /* Main */,
				4FBF61CE283ABA8700DDBE71 /* FlowCoordinators */,
				4FDCAF0728319354000DF9B5 /* Scenes */,
				4FDCAF0828319363000DF9B5 /* UI */,
				4FE4DC3128393E0000419730 /* Models */,
				4FDCAF00283191C7000DF9B5 /* Networking */,
				4FDCAF012831925B000DF9B5 /* Services */,
				4FDCAF1128319541000DF9B5 /* Managers */,
				4FDCAF0F283194A5000DF9B5 /* Extensions */,
				4FDCAF10283194CD000DF9B5 /* Utils */,
				4FDCAF0628319341000DF9B5 /* Resources */,
			);
			path = Betzi;
			sourceTree = "<group>";
		};
		4FDCAF00283191C7000DF9B5 /* Networking */ = {
			isa = PBXGroup;
			children = (
				4FDCAF032831928B000DF9B5 /* Errors */,
				4FDCAF0228319272000DF9B5 /* Routes */,
			);
			path = Networking;
			sourceTree = "<group>";
		};
		4FDCAF012831925B000DF9B5 /* Services */ = {
			isa = PBXGroup;
			children = (
				4FDCAF04283192B5000DF9B5 /* BetService.swift */,
			);
			path = Services;
			sourceTree = "<group>";
		};
		4FDCAF0228319272000DF9B5 /* Routes */ = {
			isa = PBXGroup;
			children = (
			);
			path = Routes;
			sourceTree = "<group>";
		};
		4FDCAF032831928B000DF9B5 /* Errors */ = {
			isa = PBXGroup;
			children = (
			);
			path = Errors;
			sourceTree = "<group>";
		};
		4FDCAF0628319341000DF9B5 /* Resources */ = {
			isa = PBXGroup;
			children = (
				4FDCAEF528318E18000DF9B5 /* Assets.xcassets */,
			);
			path = Resources;
			sourceTree = "<group>";
		};
		4FDCAF0728319354000DF9B5 /* Scenes */ = {
			isa = PBXGroup;
			children = (
				4FBF621F283D530E00DDBE71 /* Coordinator Examples */,
				4FE4DC2A283928DD00419730 /* Onboarding */,
				4FBF61F3283C1C8600DDBE71 /* Home */,
			);
			path = Scenes;
			sourceTree = "<group>";
		};
		4FDCAF0828319363000DF9B5 /* UI */ = {
			isa = PBXGroup;
			children = (
				4FF4FCAC28566EFC008569CB /* Fonts */,
				4FDCAF0A28319376000DF9B5 /* ViewModifiers */,
				4FDCAF0928319370000DF9B5 /* Components */,
				4FF4FCAD28566F43008569CB /* Spacing.swift */,
			);
			path = UI;
			sourceTree = "<group>";
		};
		4FDCAF0928319370000DF9B5 /* Components */ = {
			isa = PBXGroup;
			children = (
				4FDCAF0C2831938B000DF9B5 /* Textfields */,
				4FDCAF0B28319387000DF9B5 /* Buttons */,
			);
			path = Components;
			sourceTree = "<group>";
		};
		4FDCAF0A28319376000DF9B5 /* ViewModifiers */ = {
			isa = PBXGroup;
			children = (
			);
			path = ViewModifiers;
			sourceTree = "<group>";
		};
		4FDCAF0B28319387000DF9B5 /* Buttons */ = {
			isa = PBXGroup;
			children = (
			);
			path = Buttons;
			sourceTree = "<group>";
		};
		4FDCAF0C2831938B000DF9B5 /* Textfields */ = {
			isa = PBXGroup;
			children = (
			);
			path = Textfields;
			sourceTree = "<group>";
		};
		4FDCAF0E28319478000DF9B5 /* Main */ = {
			isa = PBXGroup;
			children = (
				1A7D0E04283EF180005A98A2 /* Firebase */,
				4FBF61EE283C1C5300DDBE71 /* Coordinator */,
				4FBF61E7283C192B00DDBE71 /* Router */,
				4FDCAEF728318E18000DF9B5 /* LaunchScreen.storyboard */,
				4FDCAEEC28318E17000DF9B5 /* AppDelegate.swift */,
				4FDCAEEE28318E17000DF9B5 /* SceneDelegate.swift */,
			);
			path = Main;
			sourceTree = "<group>";
		};
		4FDCAF0F283194A5000DF9B5 /* Extensions */ = {
			isa = PBXGroup;
			children = (
			);
			path = Extensions;
			sourceTree = "<group>";
		};
		4FDCAF10283194CD000DF9B5 /* Utils */ = {
			isa = PBXGroup;
			children = (
				4FBF61FC283C1E2C00DDBE71 /* BaseViewController.swift */,
			);
			path = Utils;
			sourceTree = "<group>";
		};
		4FDCAF1128319541000DF9B5 /* Managers */ = {
			isa = PBXGroup;
			children = (
				4FBF61FA283C1D8000DDBE71 /* UserManager.swift */,
			);
			path = Managers;
			sourceTree = "<group>";
		};
		4FE4DC2A283928DD00419730 /* Onboarding */ = {
			isa = PBXGroup;
			children = (
				4FBF6203283C25E000DDBE71 /* Onboarding3 */,
				4FBF61FE283C202700DDBE71 /* Onboarding2 */,
				4FE4DC2B283928EC00419730 /* OnboardingView.swift */,
				4FE4DC2D28393DB800419730 /* OnboardingViewModel.swift */,
			);
			path = Onboarding;
			sourceTree = "<group>";
		};
		4FE4DC3128393E0000419730 /* Models */ = {
			isa = PBXGroup;
			children = (
				4FBF61D7283ABD9A00DDBE71 /* Bets */,
				4FBF61D4283ABD7000DDBE71 /* User */,
			);
			path = Models;
			sourceTree = "<group>";
		};
		4FF4FCAC28566EFC008569CB /* Fonts */ = {
			isa = PBXGroup;
			children = (
				4FF4FCAF28567063008569CB /* TextStyle.swift */,
			);
			path = Fonts;
			sourceTree = "<group>";
		};
		A0D6AE91285AF9280046B423 /* Environment */ = {
			isa = PBXGroup;
			children = (
				A0654B1A2861887100FA3FA3 /* Config-Debug-Production.xcconfig */,
				A0654B1E28618B0500FA3FA3 /* Config-Debug-Development.xcconfig */,
				A0654B1B2861887E00FA3FA3 /* Config-Release-Development.xcconfig */,
				A0654B1F28618B4300FA3FA3 /* Config-Release-Production.xcconfig */,
				1A7D0E1B283FD84F005A98A2 /* Environment.swift */,
			);
			path = Environment;
			sourceTree = "<group>";
		};
		A0EEF34D285B1F4D0054DBF4 /* ci_scripts */ = {
			isa = PBXGroup;
			children = (
				A0EEF34E285B1F760054DBF4 /* ci_post_clone.sh */,
			);
			path = ci_scripts;
			sourceTree = "<group>";
		};
		A0EEF354285B66C60054DBF4 /* BetziTests */ = {
			isa = PBXGroup;
			children = (
				A0EEF35E285B670D0054DBF4 /* BetziTests.swift */,
			);
			path = BetziTests;
			sourceTree = "<group>";
		};
/* End PBXGroup section */

/* Begin PBXNativeTarget section */
		4FDCAEE828318E17000DF9B5 /* Betzi */ = {
			isa = PBXNativeTarget;
			buildConfigurationList = 4FDCAEFD28318E18000DF9B5 /* Build configuration list for PBXNativeTarget "Betzi" */;
			buildPhases = (
				1A7D0E1A283EF887005A98A2 /* FirebaseSetup */,
				4FDCAEE528318E17000DF9B5 /* Sources */,
				4FDCAEE628318E17000DF9B5 /* Frameworks */,
				4FDCAEE728318E17000DF9B5 /* Resources */,
			);
			buildRules = (
			);
			dependencies = (
			);
			name = Betzi;
			packageProductDependencies = (
				A0D8B5062861A1AB006EEB44 /* FirebaseFirestore */,
				A0D8B5082861A1AB006EEB44 /* FirebaseFirestoreCombine-Community */,
				A0D8B50A2861A1AB006EEB44 /* FirebaseFirestoreSwift */,
			);
			productName = Betzi;
			productReference = 4FDCAEE928318E17000DF9B5 /* Betzi.app */;
			productType = "com.apple.product-type.application";
		};
		A0EEF352285B66C60054DBF4 /* BetziTests */ = {
			isa = PBXNativeTarget;
			buildConfigurationList = A0EEF359285B66C60054DBF4 /* Build configuration list for PBXNativeTarget "BetziTests" */;
			buildPhases = (
				A0EEF34F285B66C60054DBF4 /* Sources */,
				A0EEF350285B66C60054DBF4 /* Frameworks */,
				A0EEF351285B66C60054DBF4 /* Resources */,
			);
			buildRules = (
			);
			dependencies = (
				A0EEF358285B66C60054DBF4 /* PBXTargetDependency */,
			);
			name = BetziTests;
			productName = BetziTests;
			productReference = A0EEF353285B66C60054DBF4 /* BetziTests.xctest */;
			productType = "com.apple.product-type.bundle.unit-test";
		};
/* End PBXNativeTarget section */

/* Begin PBXProject section */
		4FDCAEE128318E17000DF9B5 /* Project object */ = {
			isa = PBXProject;
			attributes = {
				BuildIndependentTargetsInParallel = 1;
				LastSwiftUpdateCheck = 1340;
				LastUpgradeCheck = 1340;
				TargetAttributes = {
					4FDCAEE828318E17000DF9B5 = {
						CreatedOnToolsVersion = 13.3.1;
					};
					A0EEF352285B66C60054DBF4 = {
						CreatedOnToolsVersion = 13.4.1;
						TestTargetID = 4FDCAEE828318E17000DF9B5;
					};
				};
			};
			buildConfigurationList = 4FDCAEE428318E17000DF9B5 /* Build configuration list for PBXProject "Betzi" */;
			compatibilityVersion = "Xcode 13.0";
			developmentRegion = en;
			hasScannedForEncodings = 0;
			knownRegions = (
				en,
				Base,
			);
			mainGroup = 4FDCAEE028318E17000DF9B5;
			packageReferences = (
				A0D8B5052861A1AB006EEB44 /* XCRemoteSwiftPackageReference "firebase-ios-sdk" */,
			);
			productRefGroup = 4FDCAEEA28318E17000DF9B5 /* Products */;
			projectDirPath = "";
			projectRoot = "";
			targets = (
				4FDCAEE828318E17000DF9B5 /* Betzi */,
				A0EEF352285B66C60054DBF4 /* BetziTests */,
			);
		};
/* End PBXProject section */

/* Begin PBXResourcesBuildPhase section */
		4FDCAEE728318E17000DF9B5 /* Resources */ = {
			isa = PBXResourcesBuildPhase;
			buildActionMask = 2147483647;
			files = (
				4FDCAEF928318E18000DF9B5 /* LaunchScreen.storyboard in Resources */,
				4FDCAEF628318E18000DF9B5 /* Assets.xcassets in Resources */,
			);
			runOnlyForDeploymentPostprocessing = 0;
		};
		A0EEF351285B66C60054DBF4 /* Resources */ = {
			isa = PBXResourcesBuildPhase;
			buildActionMask = 2147483647;
			files = (
			);
			runOnlyForDeploymentPostprocessing = 0;
		};
/* End PBXResourcesBuildPhase section */

/* Begin PBXShellScriptBuildPhase section */
		1A7D0E1A283EF887005A98A2 /* FirebaseSetup */ = {
			isa = PBXShellScriptBuildPhase;
			buildActionMask = 2147483647;
			files = (
			);
			inputFileListPaths = (
			);
			inputPaths = (
			);
			name = FirebaseSetup;
			outputFileListPaths = (
			);
			outputPaths = (
			);
			runOnlyForDeploymentPostprocessing = 0;
			shellPath = /bin/sh;
			shellScript = "# Type a script or drag a script file from your workspace to insert its path.\nPATH_TO_GOOGLE_PLISTS=\"${PROJECT_DIR}/Betzi/Main/Firebase\"\n\ncase \"${CONFIGURATION}\" in\n\n   \"Debug-Development\" | \"Release-Development\" )    \n        cp -r \"$PATH_TO_GOOGLE_PLISTS/Dev/GoogleService-Info.plist\" \"${BUILT_PRODUCTS_DIR}/${PRODUCT_NAME}.app/GoogleService-Info.plist\" ;;\n\n   \"Debug-Production\" | \"Release-Poduction\" )\n        cp -r \"$PATH_TO_GOOGLE_PLISTS/Prod/GoogleService-Info.plist\" \"${BUILT_PRODUCTS_DIR}/${PRODUCT_NAME}.app/GoogleService-Info.plist\" ;;\n\n    *)\n        ;;\nesac\n";
		};
/* End PBXShellScriptBuildPhase section */

/* Begin PBXSourcesBuildPhase section */
		4FDCAEE528318E17000DF9B5 /* Sources */ = {
			isa = PBXSourcesBuildPhase;
			buildActionMask = 2147483647;
			files = (
				4FF4FCB028567063008569CB /* TextStyle.swift in Sources */,
				4FBF61F7283C1C9400DDBE71 /* HomeViewModel.swift in Sources */,
				4FE4DC2E28393DB800419730 /* OnboardingViewModel.swift in Sources */,
				4FBF622F283D5D8800DDBE71 /* Flow2Coordinator.swift in Sources */,
				4FBF61FB283C1D8000DDBE71 /* UserManager.swift in Sources */,
				4FBF61D0283ABA9900DDBE71 /* OnboardingFlowCoordinator.swift in Sources */,
				4FBF61F2283C1C6600DDBE71 /* AppCoordinator.swift in Sources */,
				4FBF6224283D532B00DDBE71 /* Flow1Screen2ViewModel.swift in Sources */,
				4FBF61FD283C1E2C00DDBE71 /* BaseViewController.swift in Sources */,
				4FBF6200283C203600DDBE71 /* Onboarding2View.swift in Sources */,
				4FDCAEED28318E17000DF9B5 /* AppDelegate.swift in Sources */,
				4FDCAEEF28318E17000DF9B5 /* SceneDelegate.swift in Sources */,
				4FF4FCAE28566F43008569CB /* Spacing.swift in Sources */,
				4FE4DC2C283928EC00419730 /* OnboardingView.swift in Sources */,
				4FBF6202283C203E00DDBE71 /* OnboardingViewModel2.swift in Sources */,
				4FBF6236283D602600DDBE71 /* IndependentScreenCoordinator.swift in Sources */,
				4FDCAF05283192B5000DF9B5 /* BetService.swift in Sources */,
				4FBF6222283D532500DDBE71 /* Screen2View.swift in Sources */,
				4FBF6219283D523C00DDBE71 /* Flow1Coordinator.swift in Sources */,
				4FBF61F5283C1C8E00DDBE71 /* HomeView.swift in Sources */,
				4FBF6205283C25ED00DDBE71 /* OnboardingView3.swift in Sources */,
				4FBF61ED283C1A8100DDBE71 /* NavigationRouter.swift in Sources */,
				4FBF621E283D526A00DDBE71 /* Screen1ViewModel.swift in Sources */,
				4FBF6215283D4C3500DDBE71 /* ModalNavigationRouter.swift in Sources */,
				4FBF61EB283C19C300DDBE71 /* ModalRouter.swift in Sources */,
				4FBF61E6283C173500DDBE71 /* Coordinator.swift in Sources */,
				1A7D0E1C283FD84F005A98A2 /* Environment.swift in Sources */,
				4FBF61D6283ABD8B00DDBE71 /* Avatar.swift in Sources */,
				4FE4DC3328393E1D00419730 /* User.swift in Sources */,
				4FBF61DB283ABFDB00DDBE71 /* Bet.swift in Sources */,
				4FBF61F9283C1C9D00DDBE71 /* HomeCoordinator.swift in Sources */,
				4FBF6234283D601F00DDBE71 /* IndependentScreenViewModel.swift in Sources */,
				4FBF61E9283C193E00DDBE71 /* Router.swift in Sources */,
				4FBF61F0283C1C6000DDBE71 /* BaseCoordinator.swift in Sources */,
				4FBF6207283C25F500DDBE71 /* OnboardingViewModel3.swift in Sources */,
				4FBF621C283D525900DDBE71 /* Screen1View.swift in Sources */,
				4FBF6232283D601800DDBE71 /* IndependentScreenView.swift in Sources */,
			);
			runOnlyForDeploymentPostprocessing = 0;
		};
		A0EEF34F285B66C60054DBF4 /* Sources */ = {
			isa = PBXSourcesBuildPhase;
			buildActionMask = 2147483647;
			files = (
				A0EEF35F285B670D0054DBF4 /* BetziTests.swift in Sources */,
			);
			runOnlyForDeploymentPostprocessing = 0;
		};
/* End PBXSourcesBuildPhase section */

/* Begin PBXTargetDependency section */
		A0EEF358285B66C60054DBF4 /* PBXTargetDependency */ = {
			isa = PBXTargetDependency;
			target = 4FDCAEE828318E17000DF9B5 /* Betzi */;
			targetProxy = A0EEF357285B66C60054DBF4 /* PBXContainerItemProxy */;
		};
/* End PBXTargetDependency section */

/* Begin PBXVariantGroup section */
		4FDCAEF728318E18000DF9B5 /* LaunchScreen.storyboard */ = {
			isa = PBXVariantGroup;
			children = (
				4FDCAEF828318E18000DF9B5 /* Base */,
			);
			name = LaunchScreen.storyboard;
			sourceTree = "<group>";
		};
/* End PBXVariantGroup section */

/* Begin XCBuildConfiguration section */
		1A7D0DFD283E92E9005A98A2 /* Debug-Development */ = {
			isa = XCBuildConfiguration;
			baseConfigurationReference = A0654B1E28618B0500FA3FA3 /* Config-Debug-Development.xcconfig */;
			buildSettings = {
				ALWAYS_SEARCH_USER_PATHS = NO;
				CLANG_ANALYZER_NONNULL = YES;
				CLANG_ANALYZER_NUMBER_OBJECT_CONVERSION = YES_AGGRESSIVE;
				CLANG_CXX_LANGUAGE_STANDARD = "gnu++17";
				CLANG_ENABLE_MODULES = YES;
				CLANG_ENABLE_OBJC_ARC = YES;
				CLANG_ENABLE_OBJC_WEAK = YES;
				CLANG_WARN_BLOCK_CAPTURE_AUTORELEASING = YES;
				CLANG_WARN_BOOL_CONVERSION = YES;
				CLANG_WARN_COMMA = YES;
				CLANG_WARN_CONSTANT_CONVERSION = YES;
				CLANG_WARN_DEPRECATED_OBJC_IMPLEMENTATIONS = YES;
				CLANG_WARN_DIRECT_OBJC_ISA_USAGE = YES_ERROR;
				CLANG_WARN_DOCUMENTATION_COMMENTS = YES;
				CLANG_WARN_EMPTY_BODY = YES;
				CLANG_WARN_ENUM_CONVERSION = YES;
				CLANG_WARN_INFINITE_RECURSION = YES;
				CLANG_WARN_INT_CONVERSION = YES;
				CLANG_WARN_NON_LITERAL_NULL_CONVERSION = YES;
				CLANG_WARN_OBJC_IMPLICIT_RETAIN_SELF = YES;
				CLANG_WARN_OBJC_LITERAL_CONVERSION = YES;
				CLANG_WARN_OBJC_ROOT_CLASS = YES_ERROR;
				CLANG_WARN_QUOTED_INCLUDE_IN_FRAMEWORK_HEADER = YES;
				CLANG_WARN_RANGE_LOOP_ANALYSIS = YES;
				CLANG_WARN_STRICT_PROTOTYPES = YES;
				CLANG_WARN_SUSPICIOUS_MOVE = YES;
				CLANG_WARN_UNGUARDED_AVAILABILITY = YES_AGGRESSIVE;
				CLANG_WARN_UNREACHABLE_CODE = YES;
				CLANG_WARN__DUPLICATE_METHOD_MATCH = YES;
				COPY_PHASE_STRIP = NO;
				DEBUG_INFORMATION_FORMAT = dwarf;
				ENABLE_STRICT_OBJC_MSGSEND = YES;
				ENABLE_TESTABILITY = YES;
				GCC_C_LANGUAGE_STANDARD = gnu11;
				GCC_DYNAMIC_NO_PIC = NO;
				GCC_NO_COMMON_BLOCKS = YES;
				GCC_OPTIMIZATION_LEVEL = 0;
				GCC_PREPROCESSOR_DEFINITIONS = (
					"DEBUG=1",
					"$(inherited)",
				);
				GCC_WARN_64_TO_32_BIT_CONVERSION = YES;
				GCC_WARN_ABOUT_RETURN_TYPE = YES_ERROR;
				GCC_WARN_UNDECLARED_SELECTOR = YES;
				GCC_WARN_UNINITIALIZED_AUTOS = YES_AGGRESSIVE;
				GCC_WARN_UNUSED_FUNCTION = YES;
				GCC_WARN_UNUSED_VARIABLE = YES;
				IPHONEOS_DEPLOYMENT_TARGET = 15.4;
				MTL_ENABLE_DEBUG_INFO = INCLUDE_SOURCE;
				MTL_FAST_MATH = YES;
				ONLY_ACTIVE_ARCH = YES;
				SDKROOT = iphoneos;
				SWIFT_ACTIVE_COMPILATION_CONDITIONS = DEBUG;
				SWIFT_OPTIMIZATION_LEVEL = "-Onone";
			};
			name = "Debug-Development";
		};
		1A7D0DFE283E92E9005A98A2 /* Debug-Development */ = {
			isa = XCBuildConfiguration;
			baseConfigurationReference = A0654B1E28618B0500FA3FA3 /* Config-Debug-Development.xcconfig */;
			buildSettings = {
				ASSETCATALOG_COMPILER_APPICON_NAME = AppIcon;
				ASSETCATALOG_COMPILER_GLOBAL_ACCENT_COLOR_NAME = AccentColor;
				CODE_SIGN_STYLE = Automatic;
				CURRENT_PROJECT_VERSION = 1;
				DEVELOPMENT_TEAM = 7WM6B85JY6;
				GENERATE_INFOPLIST_FILE = YES;
				INFOPLIST_FILE = Betzi/Info.plist;
				INFOPLIST_KEY_UIApplicationSupportsIndirectInputEvents = YES;
				INFOPLIST_KEY_UILaunchStoryboardName = LaunchScreen;
				INFOPLIST_KEY_UISupportedInterfaceOrientations_iPad = "UIInterfaceOrientationPortrait UIInterfaceOrientationPortraitUpsideDown UIInterfaceOrientationLandscapeLeft UIInterfaceOrientationLandscapeRight";
				INFOPLIST_KEY_UISupportedInterfaceOrientations_iPhone = "UIInterfaceOrientationPortrait UIInterfaceOrientationLandscapeLeft UIInterfaceOrientationLandscapeRight";
				IPHONEOS_DEPLOYMENT_TARGET = 15.0;
				LD_RUNPATH_SEARCH_PATHS = (
					"$(inherited)",
					"@executable_path/Frameworks",
				);
				MARKETING_VERSION = 1.0;
				PRODUCT_BUNDLE_IDENTIFIER = app.3devs.Betzi.dev;
				PRODUCT_NAME = "$(TARGET_NAME)";
				SWIFT_EMIT_LOC_STRINGS = YES;
				SWIFT_VERSION = 5.0;
				TARGETED_DEVICE_FAMILY = "1,2";
			};
			name = "Debug-Development";
		};
		1A7D0DFF283E92FD005A98A2 /* Release-Development */ = {
			isa = XCBuildConfiguration;
			baseConfigurationReference = A0654B1B2861887E00FA3FA3 /* Config-Release-Development.xcconfig */;
			buildSettings = {
				ALWAYS_SEARCH_USER_PATHS = NO;
				CLANG_ANALYZER_NONNULL = YES;
				CLANG_ANALYZER_NUMBER_OBJECT_CONVERSION = YES_AGGRESSIVE;
				CLANG_CXX_LANGUAGE_STANDARD = "gnu++17";
				CLANG_ENABLE_MODULES = YES;
				CLANG_ENABLE_OBJC_ARC = YES;
				CLANG_ENABLE_OBJC_WEAK = YES;
				CLANG_WARN_BLOCK_CAPTURE_AUTORELEASING = YES;
				CLANG_WARN_BOOL_CONVERSION = YES;
				CLANG_WARN_COMMA = YES;
				CLANG_WARN_CONSTANT_CONVERSION = YES;
				CLANG_WARN_DEPRECATED_OBJC_IMPLEMENTATIONS = YES;
				CLANG_WARN_DIRECT_OBJC_ISA_USAGE = YES_ERROR;
				CLANG_WARN_DOCUMENTATION_COMMENTS = YES;
				CLANG_WARN_EMPTY_BODY = YES;
				CLANG_WARN_ENUM_CONVERSION = YES;
				CLANG_WARN_INFINITE_RECURSION = YES;
				CLANG_WARN_INT_CONVERSION = YES;
				CLANG_WARN_NON_LITERAL_NULL_CONVERSION = YES;
				CLANG_WARN_OBJC_IMPLICIT_RETAIN_SELF = YES;
				CLANG_WARN_OBJC_LITERAL_CONVERSION = YES;
				CLANG_WARN_OBJC_ROOT_CLASS = YES_ERROR;
				CLANG_WARN_QUOTED_INCLUDE_IN_FRAMEWORK_HEADER = YES;
				CLANG_WARN_RANGE_LOOP_ANALYSIS = YES;
				CLANG_WARN_STRICT_PROTOTYPES = YES;
				CLANG_WARN_SUSPICIOUS_MOVE = YES;
				CLANG_WARN_UNGUARDED_AVAILABILITY = YES_AGGRESSIVE;
				CLANG_WARN_UNREACHABLE_CODE = YES;
				CLANG_WARN__DUPLICATE_METHOD_MATCH = YES;
				COPY_PHASE_STRIP = NO;
				DEBUG_INFORMATION_FORMAT = "dwarf-with-dsym";
				ENABLE_NS_ASSERTIONS = NO;
				ENABLE_STRICT_OBJC_MSGSEND = YES;
				ENABLE_TESTABILITY = YES;
				GCC_C_LANGUAGE_STANDARD = gnu11;
				GCC_NO_COMMON_BLOCKS = YES;
				GCC_WARN_64_TO_32_BIT_CONVERSION = YES;
				GCC_WARN_ABOUT_RETURN_TYPE = YES_ERROR;
				GCC_WARN_UNDECLARED_SELECTOR = YES;
				GCC_WARN_UNINITIALIZED_AUTOS = YES_AGGRESSIVE;
				GCC_WARN_UNUSED_FUNCTION = YES;
				GCC_WARN_UNUSED_VARIABLE = YES;
				IPHONEOS_DEPLOYMENT_TARGET = 15.4;
				MTL_ENABLE_DEBUG_INFO = NO;
				MTL_FAST_MATH = YES;
				ONLY_ACTIVE_ARCH = YES;
				SDKROOT = iphoneos;
				SWIFT_COMPILATION_MODE = wholemodule;
				SWIFT_OPTIMIZATION_LEVEL = "-O";
				VALIDATE_PRODUCT = YES;
			};
			name = "Release-Development";
		};
		1A7D0E00283E92FD005A98A2 /* Release-Development */ = {
			isa = XCBuildConfiguration;
			buildSettings = {
				ASSETCATALOG_COMPILER_APPICON_NAME = AppIcon;
				ASSETCATALOG_COMPILER_GLOBAL_ACCENT_COLOR_NAME = AccentColor;
				CODE_SIGN_STYLE = Automatic;
				CURRENT_PROJECT_VERSION = 1;
				DEVELOPMENT_TEAM = 7WM6B85JY6;
				GENERATE_INFOPLIST_FILE = YES;
				INFOPLIST_FILE = Betzi/Info.plist;
				INFOPLIST_KEY_UIApplicationSupportsIndirectInputEvents = YES;
				INFOPLIST_KEY_UILaunchStoryboardName = LaunchScreen;
				INFOPLIST_KEY_UISupportedInterfaceOrientations_iPad = "UIInterfaceOrientationPortrait UIInterfaceOrientationPortraitUpsideDown UIInterfaceOrientationLandscapeLeft UIInterfaceOrientationLandscapeRight";
				INFOPLIST_KEY_UISupportedInterfaceOrientations_iPhone = "UIInterfaceOrientationPortrait UIInterfaceOrientationLandscapeLeft UIInterfaceOrientationLandscapeRight";
				IPHONEOS_DEPLOYMENT_TARGET = 15.0;
				LD_RUNPATH_SEARCH_PATHS = (
					"$(inherited)",
					"@executable_path/Frameworks",
				);
				MARKETING_VERSION = 1.0;
				PRODUCT_BUNDLE_IDENTIFIER = app.3devs.Betzi.dev;
				PRODUCT_NAME = "$(TARGET_NAME)";
				SWIFT_EMIT_LOC_STRINGS = YES;
				SWIFT_VERSION = 5.0;
				TARGETED_DEVICE_FAMILY = "1,2";
			};
			name = "Release-Development";
		};
		4FDCAEFB28318E18000DF9B5 /* Debug-Production */ = {
			isa = XCBuildConfiguration;
			baseConfigurationReference = A0654B1A2861887100FA3FA3 /* Config-Debug-Production.xcconfig */;
			buildSettings = {
				ALWAYS_SEARCH_USER_PATHS = NO;
				CLANG_ANALYZER_NONNULL = YES;
				CLANG_ANALYZER_NUMBER_OBJECT_CONVERSION = YES_AGGRESSIVE;
				CLANG_CXX_LANGUAGE_STANDARD = "gnu++17";
				CLANG_ENABLE_MODULES = YES;
				CLANG_ENABLE_OBJC_ARC = YES;
				CLANG_ENABLE_OBJC_WEAK = YES;
				CLANG_WARN_BLOCK_CAPTURE_AUTORELEASING = YES;
				CLANG_WARN_BOOL_CONVERSION = YES;
				CLANG_WARN_COMMA = YES;
				CLANG_WARN_CONSTANT_CONVERSION = YES;
				CLANG_WARN_DEPRECATED_OBJC_IMPLEMENTATIONS = YES;
				CLANG_WARN_DIRECT_OBJC_ISA_USAGE = YES_ERROR;
				CLANG_WARN_DOCUMENTATION_COMMENTS = YES;
				CLANG_WARN_EMPTY_BODY = YES;
				CLANG_WARN_ENUM_CONVERSION = YES;
				CLANG_WARN_INFINITE_RECURSION = YES;
				CLANG_WARN_INT_CONVERSION = YES;
				CLANG_WARN_NON_LITERAL_NULL_CONVERSION = YES;
				CLANG_WARN_OBJC_IMPLICIT_RETAIN_SELF = YES;
				CLANG_WARN_OBJC_LITERAL_CONVERSION = YES;
				CLANG_WARN_OBJC_ROOT_CLASS = YES_ERROR;
				CLANG_WARN_QUOTED_INCLUDE_IN_FRAMEWORK_HEADER = YES;
				CLANG_WARN_RANGE_LOOP_ANALYSIS = YES;
				CLANG_WARN_STRICT_PROTOTYPES = YES;
				CLANG_WARN_SUSPICIOUS_MOVE = YES;
				CLANG_WARN_UNGUARDED_AVAILABILITY = YES_AGGRESSIVE;
				CLANG_WARN_UNREACHABLE_CODE = YES;
				CLANG_WARN__DUPLICATE_METHOD_MATCH = YES;
				COPY_PHASE_STRIP = NO;
				DEBUG_INFORMATION_FORMAT = dwarf;
				ENABLE_STRICT_OBJC_MSGSEND = YES;
				ENABLE_TESTABILITY = YES;
				GCC_C_LANGUAGE_STANDARD = gnu11;
				GCC_DYNAMIC_NO_PIC = NO;
				GCC_NO_COMMON_BLOCKS = YES;
				GCC_OPTIMIZATION_LEVEL = 0;
				GCC_PREPROCESSOR_DEFINITIONS = (
					"DEBUG=1",
					"$(inherited)",
				);
				GCC_WARN_64_TO_32_BIT_CONVERSION = YES;
				GCC_WARN_ABOUT_RETURN_TYPE = YES_ERROR;
				GCC_WARN_UNDECLARED_SELECTOR = YES;
				GCC_WARN_UNINITIALIZED_AUTOS = YES_AGGRESSIVE;
				GCC_WARN_UNUSED_FUNCTION = YES;
				GCC_WARN_UNUSED_VARIABLE = YES;
				IPHONEOS_DEPLOYMENT_TARGET = 15.4;
				MTL_ENABLE_DEBUG_INFO = INCLUDE_SOURCE;
				MTL_FAST_MATH = YES;
				ONLY_ACTIVE_ARCH = YES;
				SDKROOT = iphoneos;
				SWIFT_ACTIVE_COMPILATION_CONDITIONS = DEBUG;
				SWIFT_OPTIMIZATION_LEVEL = "-Onone";
			};
			name = "Debug-Production";
		};
		4FDCAEFC28318E18000DF9B5 /* Release-Production */ = {
			isa = XCBuildConfiguration;
			baseConfigurationReference = A0654B1F28618B4300FA3FA3 /* Config-Release-Production.xcconfig */;
			buildSettings = {
				ALWAYS_SEARCH_USER_PATHS = NO;
				CLANG_ANALYZER_NONNULL = YES;
				CLANG_ANALYZER_NUMBER_OBJECT_CONVERSION = YES_AGGRESSIVE;
				CLANG_CXX_LANGUAGE_STANDARD = "gnu++17";
				CLANG_ENABLE_MODULES = YES;
				CLANG_ENABLE_OBJC_ARC = YES;
				CLANG_ENABLE_OBJC_WEAK = YES;
				CLANG_WARN_BLOCK_CAPTURE_AUTORELEASING = YES;
				CLANG_WARN_BOOL_CONVERSION = YES;
				CLANG_WARN_COMMA = YES;
				CLANG_WARN_CONSTANT_CONVERSION = YES;
				CLANG_WARN_DEPRECATED_OBJC_IMPLEMENTATIONS = YES;
				CLANG_WARN_DIRECT_OBJC_ISA_USAGE = YES_ERROR;
				CLANG_WARN_DOCUMENTATION_COMMENTS = YES;
				CLANG_WARN_EMPTY_BODY = YES;
				CLANG_WARN_ENUM_CONVERSION = YES;
				CLANG_WARN_INFINITE_RECURSION = YES;
				CLANG_WARN_INT_CONVERSION = YES;
				CLANG_WARN_NON_LITERAL_NULL_CONVERSION = YES;
				CLANG_WARN_OBJC_IMPLICIT_RETAIN_SELF = YES;
				CLANG_WARN_OBJC_LITERAL_CONVERSION = YES;
				CLANG_WARN_OBJC_ROOT_CLASS = YES_ERROR;
				CLANG_WARN_QUOTED_INCLUDE_IN_FRAMEWORK_HEADER = YES;
				CLANG_WARN_RANGE_LOOP_ANALYSIS = YES;
				CLANG_WARN_STRICT_PROTOTYPES = YES;
				CLANG_WARN_SUSPICIOUS_MOVE = YES;
				CLANG_WARN_UNGUARDED_AVAILABILITY = YES_AGGRESSIVE;
				CLANG_WARN_UNREACHABLE_CODE = YES;
				CLANG_WARN__DUPLICATE_METHOD_MATCH = YES;
				COPY_PHASE_STRIP = NO;
				DEBUG_INFORMATION_FORMAT = "dwarf-with-dsym";
				ENABLE_NS_ASSERTIONS = NO;
				ENABLE_STRICT_OBJC_MSGSEND = YES;
				GCC_C_LANGUAGE_STANDARD = gnu11;
				GCC_NO_COMMON_BLOCKS = YES;
				GCC_WARN_64_TO_32_BIT_CONVERSION = YES;
				GCC_WARN_ABOUT_RETURN_TYPE = YES_ERROR;
				GCC_WARN_UNDECLARED_SELECTOR = YES;
				GCC_WARN_UNINITIALIZED_AUTOS = YES_AGGRESSIVE;
				GCC_WARN_UNUSED_FUNCTION = YES;
				GCC_WARN_UNUSED_VARIABLE = YES;
				IPHONEOS_DEPLOYMENT_TARGET = 15.4;
				MTL_ENABLE_DEBUG_INFO = NO;
				MTL_FAST_MATH = YES;
				SDKROOT = iphoneos;
				SWIFT_COMPILATION_MODE = wholemodule;
				SWIFT_OPTIMIZATION_LEVEL = "-O";
				VALIDATE_PRODUCT = YES;
			};
			name = "Release-Production";
		};
		4FDCAEFE28318E18000DF9B5 /* Debug-Production */ = {
			isa = XCBuildConfiguration;
			buildSettings = {
				ASSETCATALOG_COMPILER_APPICON_NAME = AppIcon;
				ASSETCATALOG_COMPILER_GLOBAL_ACCENT_COLOR_NAME = AccentColor;
				CODE_SIGN_STYLE = Automatic;
				CURRENT_PROJECT_VERSION = 1;
				DEVELOPMENT_TEAM = 7WM6B85JY6;
				GENERATE_INFOPLIST_FILE = YES;
				INFOPLIST_FILE = Betzi/Info.plist;
				INFOPLIST_KEY_UIApplicationSupportsIndirectInputEvents = YES;
				INFOPLIST_KEY_UILaunchStoryboardName = LaunchScreen;
				INFOPLIST_KEY_UISupportedInterfaceOrientations_iPad = "UIInterfaceOrientationPortrait UIInterfaceOrientationPortraitUpsideDown UIInterfaceOrientationLandscapeLeft UIInterfaceOrientationLandscapeRight";
				INFOPLIST_KEY_UISupportedInterfaceOrientations_iPhone = "UIInterfaceOrientationPortrait UIInterfaceOrientationLandscapeLeft UIInterfaceOrientationLandscapeRight";
				IPHONEOS_DEPLOYMENT_TARGET = 15.0;
				LD_RUNPATH_SEARCH_PATHS = (
					"$(inherited)",
					"@executable_path/Frameworks",
				);
				MARKETING_VERSION = 1.0;
				PRODUCT_BUNDLE_IDENTIFIER = app.3devs.Betzi;
				PRODUCT_NAME = "$(TARGET_NAME)";
				SWIFT_EMIT_LOC_STRINGS = YES;
				SWIFT_VERSION = 5.0;
				TARGETED_DEVICE_FAMILY = 1;
			};
			name = "Debug-Production";
		};
		A0999EE9285902FC005D5D92 /* Release-Production */ = {
			isa = XCBuildConfiguration;
			buildSettings = {
				DEVELOPMENT_TEAM = 7WM6B85JY6;
				INFOPLIST_KEY_UIApplicationSupportsIndirectInputEvents = YES;
				INFOPLIST_KEY_UILaunchStoryboardName = LaunchScreen;
				INFOPLIST_KEY_UISupportedInterfaceOrientations_iPad = "UIInterfaceOrientationPortrait UIInterfaceOrientationPortraitUpsideDown UIInterfaceOrientationLandscapeLeft UIInterfaceOrientationLandscapeRight";
				INFOPLIST_KEY_UISupportedInterfaceOrientations_iPhone = "UIInterfaceOrientationPortrait UIInterfaceOrientationLandscapeLeft UIInterfaceOrientationLandscapeRight";
				PRODUCT_BUNDLE_IDENTIFIER = app.3devs.Betzi;
				PRODUCT_NAME = Betzi;
				SWIFT_EMIT_LOC_STRINGS = YES;
				SWIFT_VERSION = 5.0;
			};
			name = "Release-Production";
		};
		A0EEF35A285B66C60054DBF4 /* Debug-Production */ = {
			isa = XCBuildConfiguration;
			buildSettings = {
				ALWAYS_SEARCH_USER_PATHS = NO;
				BUNDLE_LOADER = "$(TEST_HOST)";
				CLANG_ANALYZER_NONNULL = YES;
				CLANG_ANALYZER_NUMBER_OBJECT_CONVERSION = YES_AGGRESSIVE;
				CLANG_CXX_LANGUAGE_STANDARD = "gnu++17";
				CLANG_ENABLE_MODULES = YES;
				CLANG_ENABLE_OBJC_ARC = YES;
				CLANG_ENABLE_OBJC_WEAK = YES;
				CLANG_WARN_BLOCK_CAPTURE_AUTORELEASING = YES;
				CLANG_WARN_BOOL_CONVERSION = YES;
				CLANG_WARN_COMMA = YES;
				CLANG_WARN_CONSTANT_CONVERSION = YES;
				CLANG_WARN_DEPRECATED_OBJC_IMPLEMENTATIONS = YES;
				CLANG_WARN_DIRECT_OBJC_ISA_USAGE = YES_ERROR;
				CLANG_WARN_DOCUMENTATION_COMMENTS = YES;
				CLANG_WARN_EMPTY_BODY = YES;
				CLANG_WARN_ENUM_CONVERSION = YES;
				CLANG_WARN_INFINITE_RECURSION = YES;
				CLANG_WARN_INT_CONVERSION = YES;
				CLANG_WARN_NON_LITERAL_NULL_CONVERSION = YES;
				CLANG_WARN_OBJC_IMPLICIT_RETAIN_SELF = YES;
				CLANG_WARN_OBJC_LITERAL_CONVERSION = YES;
				CLANG_WARN_OBJC_ROOT_CLASS = YES_ERROR;
				CLANG_WARN_QUOTED_INCLUDE_IN_FRAMEWORK_HEADER = YES;
				CLANG_WARN_RANGE_LOOP_ANALYSIS = YES;
				CLANG_WARN_STRICT_PROTOTYPES = YES;
				CLANG_WARN_SUSPICIOUS_MOVE = YES;
				CLANG_WARN_UNGUARDED_AVAILABILITY = YES_AGGRESSIVE;
				CLANG_WARN_UNREACHABLE_CODE = YES;
				CLANG_WARN__DUPLICATE_METHOD_MATCH = YES;
				CODE_SIGN_STYLE = Automatic;
				COPY_PHASE_STRIP = NO;
				CURRENT_PROJECT_VERSION = 1;
				DEBUG_INFORMATION_FORMAT = dwarf;
				DEVELOPMENT_TEAM = 7WM6B85JY6;
				ENABLE_STRICT_OBJC_MSGSEND = YES;
				ENABLE_TESTABILITY = YES;
				GCC_C_LANGUAGE_STANDARD = gnu11;
				GCC_DYNAMIC_NO_PIC = NO;
				GCC_NO_COMMON_BLOCKS = YES;
				GCC_OPTIMIZATION_LEVEL = 0;
				GCC_PREPROCESSOR_DEFINITIONS = (
					"DEBUG=1",
					"$(inherited)",
				);
				GCC_WARN_64_TO_32_BIT_CONVERSION = YES;
				GCC_WARN_ABOUT_RETURN_TYPE = YES_ERROR;
				GCC_WARN_UNDECLARED_SELECTOR = YES;
				GCC_WARN_UNINITIALIZED_AUTOS = YES_AGGRESSIVE;
				GCC_WARN_UNUSED_FUNCTION = YES;
				GCC_WARN_UNUSED_VARIABLE = YES;
				GENERATE_INFOPLIST_FILE = YES;
				IPHONEOS_DEPLOYMENT_TARGET = 15.5;
				MARKETING_VERSION = 1.0;
				MTL_ENABLE_DEBUG_INFO = INCLUDE_SOURCE;
				MTL_FAST_MATH = YES;
				ONLY_ACTIVE_ARCH = YES;
				PRODUCT_BUNDLE_IDENTIFIER = app.3devs.BetziTests;
				PRODUCT_NAME = "$(TARGET_NAME)";
				SDKROOT = iphoneos;
				SWIFT_ACTIVE_COMPILATION_CONDITIONS = DEBUG;
				SWIFT_EMIT_LOC_STRINGS = NO;
				SWIFT_OPTIMIZATION_LEVEL = "-Onone";
				SWIFT_VERSION = 5.0;
				TARGETED_DEVICE_FAMILY = "1,2";
				TEST_HOST = "$(BUILT_PRODUCTS_DIR)/Betzi.app/Betzi";
			};
			name = "Debug-Production";
		};
		A0EEF35B285B66C60054DBF4 /* Debug-Development */ = {
			isa = XCBuildConfiguration;
			buildSettings = {
				ALWAYS_SEARCH_USER_PATHS = NO;
				BUNDLE_LOADER = "$(TEST_HOST)";
				CLANG_ANALYZER_NONNULL = YES;
				CLANG_ANALYZER_NUMBER_OBJECT_CONVERSION = YES_AGGRESSIVE;
				CLANG_CXX_LANGUAGE_STANDARD = "gnu++17";
				CLANG_ENABLE_MODULES = YES;
				CLANG_ENABLE_OBJC_ARC = YES;
				CLANG_ENABLE_OBJC_WEAK = YES;
				CLANG_WARN_BLOCK_CAPTURE_AUTORELEASING = YES;
				CLANG_WARN_BOOL_CONVERSION = YES;
				CLANG_WARN_COMMA = YES;
				CLANG_WARN_CONSTANT_CONVERSION = YES;
				CLANG_WARN_DEPRECATED_OBJC_IMPLEMENTATIONS = YES;
				CLANG_WARN_DIRECT_OBJC_ISA_USAGE = YES_ERROR;
				CLANG_WARN_DOCUMENTATION_COMMENTS = YES;
				CLANG_WARN_EMPTY_BODY = YES;
				CLANG_WARN_ENUM_CONVERSION = YES;
				CLANG_WARN_INFINITE_RECURSION = YES;
				CLANG_WARN_INT_CONVERSION = YES;
				CLANG_WARN_NON_LITERAL_NULL_CONVERSION = YES;
				CLANG_WARN_OBJC_IMPLICIT_RETAIN_SELF = YES;
				CLANG_WARN_OBJC_LITERAL_CONVERSION = YES;
				CLANG_WARN_OBJC_ROOT_CLASS = YES_ERROR;
				CLANG_WARN_QUOTED_INCLUDE_IN_FRAMEWORK_HEADER = YES;
				CLANG_WARN_RANGE_LOOP_ANALYSIS = YES;
				CLANG_WARN_STRICT_PROTOTYPES = YES;
				CLANG_WARN_SUSPICIOUS_MOVE = YES;
				CLANG_WARN_UNGUARDED_AVAILABILITY = YES_AGGRESSIVE;
				CLANG_WARN_UNREACHABLE_CODE = YES;
				CLANG_WARN__DUPLICATE_METHOD_MATCH = YES;
				CODE_SIGN_STYLE = Automatic;
				COPY_PHASE_STRIP = NO;
				CURRENT_PROJECT_VERSION = 1;
				DEBUG_INFORMATION_FORMAT = dwarf;
				DEVELOPMENT_TEAM = 7WM6B85JY6;
				ENABLE_STRICT_OBJC_MSGSEND = YES;
				ENABLE_TESTABILITY = YES;
				GCC_C_LANGUAGE_STANDARD = gnu11;
				GCC_DYNAMIC_NO_PIC = NO;
				GCC_NO_COMMON_BLOCKS = YES;
				GCC_OPTIMIZATION_LEVEL = 0;
				GCC_PREPROCESSOR_DEFINITIONS = (
					"DEBUG=1",
					"$(inherited)",
				);
				GCC_WARN_64_TO_32_BIT_CONVERSION = YES;
				GCC_WARN_ABOUT_RETURN_TYPE = YES_ERROR;
				GCC_WARN_UNDECLARED_SELECTOR = YES;
				GCC_WARN_UNINITIALIZED_AUTOS = YES_AGGRESSIVE;
				GCC_WARN_UNUSED_FUNCTION = YES;
				GCC_WARN_UNUSED_VARIABLE = YES;
				GENERATE_INFOPLIST_FILE = YES;
				IPHONEOS_DEPLOYMENT_TARGET = 15.5;
				MARKETING_VERSION = 1.0;
				MTL_ENABLE_DEBUG_INFO = INCLUDE_SOURCE;
				MTL_FAST_MATH = YES;
				ONLY_ACTIVE_ARCH = YES;
				PRODUCT_BUNDLE_IDENTIFIER = app.3devs.BetziTests;
				PRODUCT_NAME = "$(TARGET_NAME)";
				SDKROOT = iphoneos;
				SWIFT_ACTIVE_COMPILATION_CONDITIONS = DEBUG;
				SWIFT_EMIT_LOC_STRINGS = NO;
				SWIFT_OPTIMIZATION_LEVEL = "-Onone";
				SWIFT_VERSION = 5.0;
				TARGETED_DEVICE_FAMILY = "1,2";
				TEST_HOST = "$(BUILT_PRODUCTS_DIR)/Betzi.app/Betzi";
			};
			name = "Debug-Development";
		};
		A0EEF35C285B66C60054DBF4 /* Release-Production */ = {
			isa = XCBuildConfiguration;
			buildSettings = {
				ALWAYS_SEARCH_USER_PATHS = NO;
				BUNDLE_LOADER = "$(TEST_HOST)";
				CLANG_ANALYZER_NONNULL = YES;
				CLANG_ANALYZER_NUMBER_OBJECT_CONVERSION = YES_AGGRESSIVE;
				CLANG_CXX_LANGUAGE_STANDARD = "gnu++17";
				CLANG_ENABLE_MODULES = YES;
				CLANG_ENABLE_OBJC_ARC = YES;
				CLANG_ENABLE_OBJC_WEAK = YES;
				CLANG_WARN_BLOCK_CAPTURE_AUTORELEASING = YES;
				CLANG_WARN_BOOL_CONVERSION = YES;
				CLANG_WARN_COMMA = YES;
				CLANG_WARN_CONSTANT_CONVERSION = YES;
				CLANG_WARN_DEPRECATED_OBJC_IMPLEMENTATIONS = YES;
				CLANG_WARN_DIRECT_OBJC_ISA_USAGE = YES_ERROR;
				CLANG_WARN_DOCUMENTATION_COMMENTS = YES;
				CLANG_WARN_EMPTY_BODY = YES;
				CLANG_WARN_ENUM_CONVERSION = YES;
				CLANG_WARN_INFINITE_RECURSION = YES;
				CLANG_WARN_INT_CONVERSION = YES;
				CLANG_WARN_NON_LITERAL_NULL_CONVERSION = YES;
				CLANG_WARN_OBJC_IMPLICIT_RETAIN_SELF = YES;
				CLANG_WARN_OBJC_LITERAL_CONVERSION = YES;
				CLANG_WARN_OBJC_ROOT_CLASS = YES_ERROR;
				CLANG_WARN_QUOTED_INCLUDE_IN_FRAMEWORK_HEADER = YES;
				CLANG_WARN_RANGE_LOOP_ANALYSIS = YES;
				CLANG_WARN_STRICT_PROTOTYPES = YES;
				CLANG_WARN_SUSPICIOUS_MOVE = YES;
				CLANG_WARN_UNGUARDED_AVAILABILITY = YES_AGGRESSIVE;
				CLANG_WARN_UNREACHABLE_CODE = YES;
				CLANG_WARN__DUPLICATE_METHOD_MATCH = YES;
				CODE_SIGN_STYLE = Automatic;
				COPY_PHASE_STRIP = NO;
				CURRENT_PROJECT_VERSION = 1;
				DEBUG_INFORMATION_FORMAT = "dwarf-with-dsym";
				DEVELOPMENT_TEAM = 7WM6B85JY6;
				ENABLE_NS_ASSERTIONS = NO;
				ENABLE_STRICT_OBJC_MSGSEND = YES;
				GCC_C_LANGUAGE_STANDARD = gnu11;
				GCC_NO_COMMON_BLOCKS = YES;
				GCC_WARN_64_TO_32_BIT_CONVERSION = YES;
				GCC_WARN_ABOUT_RETURN_TYPE = YES_ERROR;
				GCC_WARN_UNDECLARED_SELECTOR = YES;
				GCC_WARN_UNINITIALIZED_AUTOS = YES_AGGRESSIVE;
				GCC_WARN_UNUSED_FUNCTION = YES;
				GCC_WARN_UNUSED_VARIABLE = YES;
				GENERATE_INFOPLIST_FILE = YES;
				IPHONEOS_DEPLOYMENT_TARGET = 15.5;
				MARKETING_VERSION = 1.0;
				MTL_ENABLE_DEBUG_INFO = NO;
				MTL_FAST_MATH = YES;
				PRODUCT_BUNDLE_IDENTIFIER = app.3devs.BetziTests;
				PRODUCT_NAME = "$(TARGET_NAME)";
				SDKROOT = iphoneos;
				SWIFT_COMPILATION_MODE = wholemodule;
				SWIFT_EMIT_LOC_STRINGS = NO;
				SWIFT_OPTIMIZATION_LEVEL = "-O";
				SWIFT_VERSION = 5.0;
				TARGETED_DEVICE_FAMILY = "1,2";
				TEST_HOST = "$(BUILT_PRODUCTS_DIR)/Betzi.app/Betzi";
				VALIDATE_PRODUCT = YES;
			};
			name = "Release-Production";
		};
		A0EEF35D285B66C60054DBF4 /* Release-Development */ = {
			isa = XCBuildConfiguration;
			buildSettings = {
				ALWAYS_SEARCH_USER_PATHS = NO;
				BUNDLE_LOADER = "$(TEST_HOST)";
				CLANG_ANALYZER_NONNULL = YES;
				CLANG_ANALYZER_NUMBER_OBJECT_CONVERSION = YES_AGGRESSIVE;
				CLANG_CXX_LANGUAGE_STANDARD = "gnu++17";
				CLANG_ENABLE_MODULES = YES;
				CLANG_ENABLE_OBJC_ARC = YES;
				CLANG_ENABLE_OBJC_WEAK = YES;
				CLANG_WARN_BLOCK_CAPTURE_AUTORELEASING = YES;
				CLANG_WARN_BOOL_CONVERSION = YES;
				CLANG_WARN_COMMA = YES;
				CLANG_WARN_CONSTANT_CONVERSION = YES;
				CLANG_WARN_DEPRECATED_OBJC_IMPLEMENTATIONS = YES;
				CLANG_WARN_DIRECT_OBJC_ISA_USAGE = YES_ERROR;
				CLANG_WARN_DOCUMENTATION_COMMENTS = YES;
				CLANG_WARN_EMPTY_BODY = YES;
				CLANG_WARN_ENUM_CONVERSION = YES;
				CLANG_WARN_INFINITE_RECURSION = YES;
				CLANG_WARN_INT_CONVERSION = YES;
				CLANG_WARN_NON_LITERAL_NULL_CONVERSION = YES;
				CLANG_WARN_OBJC_IMPLICIT_RETAIN_SELF = YES;
				CLANG_WARN_OBJC_LITERAL_CONVERSION = YES;
				CLANG_WARN_OBJC_ROOT_CLASS = YES_ERROR;
				CLANG_WARN_QUOTED_INCLUDE_IN_FRAMEWORK_HEADER = YES;
				CLANG_WARN_RANGE_LOOP_ANALYSIS = YES;
				CLANG_WARN_STRICT_PROTOTYPES = YES;
				CLANG_WARN_SUSPICIOUS_MOVE = YES;
				CLANG_WARN_UNGUARDED_AVAILABILITY = YES_AGGRESSIVE;
				CLANG_WARN_UNREACHABLE_CODE = YES;
				CLANG_WARN__DUPLICATE_METHOD_MATCH = YES;
				CODE_SIGN_STYLE = Automatic;
				COPY_PHASE_STRIP = NO;
				CURRENT_PROJECT_VERSION = 1;
				DEBUG_INFORMATION_FORMAT = "dwarf-with-dsym";
				DEVELOPMENT_TEAM = 7WM6B85JY6;
				ENABLE_NS_ASSERTIONS = NO;
				ENABLE_STRICT_OBJC_MSGSEND = YES;
				GCC_C_LANGUAGE_STANDARD = gnu11;
				GCC_NO_COMMON_BLOCKS = YES;
				GCC_WARN_64_TO_32_BIT_CONVERSION = YES;
				GCC_WARN_ABOUT_RETURN_TYPE = YES_ERROR;
				GCC_WARN_UNDECLARED_SELECTOR = YES;
				GCC_WARN_UNINITIALIZED_AUTOS = YES_AGGRESSIVE;
				GCC_WARN_UNUSED_FUNCTION = YES;
				GCC_WARN_UNUSED_VARIABLE = YES;
				GENERATE_INFOPLIST_FILE = YES;
				IPHONEOS_DEPLOYMENT_TARGET = 15.5;
				MARKETING_VERSION = 1.0;
				MTL_ENABLE_DEBUG_INFO = NO;
				MTL_FAST_MATH = YES;
				PRODUCT_BUNDLE_IDENTIFIER = app.3devs.BetziTests;
				PRODUCT_NAME = "$(TARGET_NAME)";
				SDKROOT = iphoneos;
				SWIFT_COMPILATION_MODE = wholemodule;
				SWIFT_EMIT_LOC_STRINGS = NO;
				SWIFT_OPTIMIZATION_LEVEL = "-O";
				SWIFT_VERSION = 5.0;
				TARGETED_DEVICE_FAMILY = "1,2";
				TEST_HOST = "$(BUILT_PRODUCTS_DIR)/Betzi.app/Betzi";
				VALIDATE_PRODUCT = YES;
			};
			name = "Release-Development";
		};
/* End XCBuildConfiguration section */

/* Begin XCConfigurationList section */
		4FDCAEE428318E17000DF9B5 /* Build configuration list for PBXProject "Betzi" */ = {
			isa = XCConfigurationList;
			buildConfigurations = (
				4FDCAEFB28318E18000DF9B5 /* Debug-Production */,
				1A7D0DFD283E92E9005A98A2 /* Debug-Development */,
				4FDCAEFC28318E18000DF9B5 /* Release-Production */,
				1A7D0DFF283E92FD005A98A2 /* Release-Development */,
			);
			defaultConfigurationIsVisible = 0;
			defaultConfigurationName = "Release-Production";
		};
		4FDCAEFD28318E18000DF9B5 /* Build configuration list for PBXNativeTarget "Betzi" */ = {
			isa = XCConfigurationList;
			buildConfigurations = (
				4FDCAEFE28318E18000DF9B5 /* Debug-Production */,
				1A7D0DFE283E92E9005A98A2 /* Debug-Development */,
				1A7D0E00283E92FD005A98A2 /* Release-Development */,
				A0999EE9285902FC005D5D92 /* Release-Production */,
			);
			defaultConfigurationIsVisible = 0;
			defaultConfigurationName = "Release-Production";
		};
		A0EEF359285B66C60054DBF4 /* Build configuration list for PBXNativeTarget "BetziTests" */ = {
			isa = XCConfigurationList;
			buildConfigurations = (
				A0EEF35A285B66C60054DBF4 /* Debug-Production */,
				A0EEF35B285B66C60054DBF4 /* Debug-Development */,
				A0EEF35C285B66C60054DBF4 /* Release-Production */,
				A0EEF35D285B66C60054DBF4 /* Release-Development */,
			);
			defaultConfigurationIsVisible = 0;
			defaultConfigurationName = "Release-Production";
		};
/* End XCConfigurationList section */

/* Begin XCRemoteSwiftPackageReference section */
		A0D8B5052861A1AB006EEB44 /* XCRemoteSwiftPackageReference "firebase-ios-sdk" */ = {
			isa = XCRemoteSwiftPackageReference;
			repositoryURL = "https://github.com/firebase/firebase-ios-sdk";
			requirement = {
				branch = master;
				kind = branch;
			};
		};
/* End XCRemoteSwiftPackageReference section */

/* Begin XCSwiftPackageProductDependency section */
		A0D8B5062861A1AB006EEB44 /* FirebaseFirestore */ = {
			isa = XCSwiftPackageProductDependency;
			package = A0D8B5052861A1AB006EEB44 /* XCRemoteSwiftPackageReference "firebase-ios-sdk" */;
			productName = FirebaseFirestore;
		};
		A0D8B5082861A1AB006EEB44 /* FirebaseFirestoreCombine-Community */ = {
			isa = XCSwiftPackageProductDependency;
			package = A0D8B5052861A1AB006EEB44 /* XCRemoteSwiftPackageReference "firebase-ios-sdk" */;
			productName = "FirebaseFirestoreCombine-Community";
		};
		A0D8B50A2861A1AB006EEB44 /* FirebaseFirestoreSwift */ = {
			isa = XCSwiftPackageProductDependency;
			package = A0D8B5052861A1AB006EEB44 /* XCRemoteSwiftPackageReference "firebase-ios-sdk" */;
			productName = FirebaseFirestoreSwift;
		};
/* End XCSwiftPackageProductDependency section */
	};
	rootObject = 4FDCAEE128318E17000DF9B5 /* Project object */;
}
